
Microsoft Visual Studio Solution File, Format Version 12.00
# Visual Studio 15
VisualStudioVersion = 15.0.28307.1169
MinimumVisualStudioVersion = 10.0.40219.1
Project("{FAE04EC0-301F-11D3-BF4B-00C04F79EFBC}") = "E7.ProtobufUnity.Editor", "E7.ProtobufUnity.Editor\E7.ProtobufUnity.Editor.csproj", "{4D01C63E-A7B4-4DD6-98C0-3A01A7FA7BE2}"
EndProject
Global
	GlobalSection(SolutionConfigurationPlatforms) = preSolution
		Debug|Any CPU = Debug|Any CPU
		Release|Any CPU = Release|Any CPU
	EndGlobalSection
	GlobalSection(ProjectConfigurationPlatforms) = postSolution
		{4D01C63E-A7B4-4DD6-98C0-3A01A7FA7BE2}.Debug|Any CPU.ActiveCfg = Debug|Any CPU
		{4D01C63E-A7B4-4DD6-98C0-3A01A7FA7BE2}.Debug|Any CPU.Build.0 = Debug|Any CPU
		{4D01C63E-A7B4-4DD6-98C0-3A01A7FA7BE2}.Release|Any CPU.ActiveCfg = Release|Any CPU
		{4D01C63E-A7B4-4DD6-98C0-3A01A7FA7BE2}.Release|Any CPU.Build.0 = Release|Any CPU
	EndGlobalSection
	GlobalSection(SolutionProperties) = preSolution
		HideSolutionNode = FALSE
	EndGlobalSection
	GlobalSection(ExtensibilityGlobals) = postSolution
		SolutionGuid = {957F9910-EC1D-441D-A4C3-EB60F20B5311}
	EndGlobalSection
EndGlobal
